{
  "name": "js-crypto-bundle",
  "version": "1.0.0",
  "lockfileVersion": 2,
  "requires": true,
  "packages": {
    "": {
      "name": "js-crypto-bundle",
      "version": "1.0.0",
      "license": "Apache-2.0",
      "dependencies": {
        "js-crypto-converter": "^1.0.0",
        "js-crypto-core": "^1.1.0",
        "js-crypto-local-storer": "^1.0.0"
      }
    },
    "node_modules/idb": {
      "version": "7.0.0",
      "resolved": "https://registry.npmjs.org/idb/-/idb-7.0.0.tgz",
      "integrity": "sha512-jSx0WOY9Nj+QzP6wX5e7g64jqh8ExtDs/IAuOrOEZCD/h6+0HqyrKsDMfdJc0hqhSvh0LsrwqrkDn+EtjjzSRA=="
    },
    "node_modules/js-crypto-converter": {
      "version": "1.0.0",
      "resolved": "https://registry.npmjs.org/js-crypto-converter/-/js-crypto-converter-1.0.0.tgz",
      "integrity": "sha512-vg8YgRxEAJr8DzVQobJvy3oe3pOZM1Y5vDIRaQ4qOb3gdoxGp+V766fU4ARBMglt/U5J4niqzvmVu7SdkLlozQ=="
    },
    "node_modules/js-crypto-core": {
      "version": "1.1.0",
      "resolved": "https://registry.npmjs.org/js-crypto-core/-/js-crypto-core-1.1.0.tgz",
      "integrity": "sha512-8CP6C8vSylf5E6R7VEVCtu49wagSAL7ZPU/jX/UV0NHcZZHez62uKXdVXUWy1gLWQajyrsZSesubdaoyikR9eg=="
    },
    "node_modules/js-crypto-local-storer": {
      "version": "1.0.0",
      "resolved": "https://registry.npmjs.org/js-crypto-local-storer/-/js-crypto-local-storer-1.0.0.tgz",
      "integrity": "sha512-THkSz/GzE0VyFAIe6LPO8BH6tTMvHdSmMy/wUSHoCKtSfLnNzcxJBRxN+A/YtUvMcmdFPmK/UiX42tpQW9iyEw==",
      "dependencies": {
        "idb": "^7.0.0"
      }
    }
  },
  "dependencies": {
    "idb": {
      "version": "7.0.0",
      "resolved": "https://registry.npmjs.org/idb/-/idb-7.0.0.tgz",
      "integrity": "sha512-jSx0WOY9Nj+QzP6wX5e7g64jqh8ExtDs/IAuOrOEZCD/h6+0HqyrKsDMfdJc0hqhSvh0LsrwqrkDn+EtjjzSRA=="
    },
    "js-crypto-converter": {
      "version": "1.0.0",
      "resolved": "https://registry.npmjs.org/js-crypto-converter/-/js-crypto-converter-1.0.0.tgz",
      "integrity": "sha512-vg8YgRxEAJr8DzVQobJvy3oe3pOZM1Y5vDIRaQ4qOb3gdoxGp+V766fU4ARBMglt/U5J4niqzvmVu7SdkLlozQ=="
    },
    "js-crypto-core": {
      "version": "1.1.0",
      "resolved": "https://registry.npmjs.org/js-crypto-core/-/js-crypto-core-1.1.0.tgz",
      "integrity": "sha512-8CP6C8vSylf5E6R7VEVCtu49wagSAL7ZPU/jX/UV0NHcZZHez62uKXdVXUWy1gLWQajyrsZSesubdaoyikR9eg=="
    },
    "js-crypto-local-storer": {
      "version": "1.0.0",
      "resolved": "https://registry.npmjs.org/js-crypto-local-storer/-/js-crypto-local-storer-1.0.0.tgz",
      "integrity": "sha512-THkSz/GzE0VyFAIe6LPO8BH6tTMvHdSmMy/wUSHoCKtSfLnNzcxJBRxN+A/YtUvMcmdFPmK/UiX42tpQW9iyEw==",
      "requires": {
        "idb": "^7.0.0"
      }
    }
  }
}
