{
  "name": "js-crypto-bundle",
  "version": "1.0.1",
  "lockfileVersion": 2,
  "requires": true,
  "packages": {
    "": {
      "name": "js-crypto-bundle",
      "version": "1.0.1",
      "license": "Apache-2.0",
      "dependencies": {
        "js-crypto-converter": "^1.0.0",
        "js-crypto-core": "^1.1.0",
        "js-crypto-local-storer": "^1.0.0"
      },
      "devDependencies": {}
    },
    "node_modules/idb": {
      "version": "7.0.0",
      "resolved": "https://registry.npmjs.org/idb/-/idb-7.0.0.tgz",
      "integrity": "sha512-jSx0WOY9Nj+QzP6wX5e7g64jqh8ExtDs/IAuOrOEZCD/h6+0HqyrKsDMfdJc0hqhSvh0LsrwqrkDn+EtjjzSRA=="
    },
    "node_modules/js-crypto-converter": {
      "version": "1.1.0",
      "resolved": "https://registry.npmjs.org/js-crypto-converter/-/js-crypto-converter-1.1.0.tgz",
      "integrity": "sha512-tJfTzdTDUhtlSERon+9zcRAgRzHHVRjEV1xX7wTAvJDEBxxfe0ovMWKYVE5/komqwtftzyNMaZbGrljGm0v3BA=="
    },
    "node_modules/js-crypto-core": {
      "version": "1.1.3",
      "resolved": "https://registry.npmjs.org/js-crypto-core/-/js-crypto-core-1.1.3.tgz",
      "integrity": "sha512-e3hh5+mRNDsdCA4b8metCZ4AMce8Ye+xCs+5vp4yG+C6G0ORTXv5eqHsNOLtyj4oGzyi+GFpl5zukuq3eAX8Qw=="
    },
    "node_modules/js-crypto-local-storer": {
      "version": "1.1.4",
      "resolved": "https://registry.npmjs.org/js-crypto-local-storer/-/js-crypto-local-storer-1.1.4.tgz",
      "integrity": "sha512-7WTGlq84PHDXMocAqYcFx5fvhs+3aTHNzvU7gxJ9GYbnIGrxAE33mQUp3OJrEGzd/6xz/EX/yKK0iuNEEx6jeg==",
      "dependencies": {
        "idb": "^7.0.0"
      }
    }
  },
  "dependencies": {
    "idb": {
      "version": "7.0.0",
      "resolved": "https://registry.npmjs.org/idb/-/idb-7.0.0.tgz",
      "integrity": "sha512-jSx0WOY9Nj+QzP6wX5e7g64jqh8ExtDs/IAuOrOEZCD/h6+0HqyrKsDMfdJc0hqhSvh0LsrwqrkDn+EtjjzSRA=="
    },
    "js-crypto-converter": {
      "version": "1.1.0",
      "resolved": "https://registry.npmjs.org/js-crypto-converter/-/js-crypto-converter-1.1.0.tgz",
      "integrity": "sha512-tJfTzdTDUhtlSERon+9zcRAgRzHHVRjEV1xX7wTAvJDEBxxfe0ovMWKYVE5/komqwtftzyNMaZbGrljGm0v3BA=="
    },
    "js-crypto-core": {
      "version": "1.1.3",
      "resolved": "https://registry.npmjs.org/js-crypto-core/-/js-crypto-core-1.1.3.tgz",
      "integrity": "sha512-e3hh5+mRNDsdCA4b8metCZ4AMce8Ye+xCs+5vp4yG+C6G0ORTXv5eqHsNOLtyj4oGzyi+GFpl5zukuq3eAX8Qw=="
    },
    "js-crypto-local-storer": {
      "version": "1.1.4",
      "resolved": "https://registry.npmjs.org/js-crypto-local-storer/-/js-crypto-local-storer-1.1.4.tgz",
      "integrity": "sha512-7WTGlq84PHDXMocAqYcFx5fvhs+3aTHNzvU7gxJ9GYbnIGrxAE33mQUp3OJrEGzd/6xz/EX/yKK0iuNEEx6jeg==",
      "requires": {
        "idb": "^7.0.0"
      }
    }
  }
}
