{
  "name": "js-crypto-bundle",
  "version": "1.0.0",
  "lockfileVersion": 2,
  "requires": true,
  "packages": {
    "": {
      "name": "js-crypto-bundle",
      "version": "1.0.0",
      "license": "Apache-2.0",
      "dependencies": {
        "js-crypto-converter": "^1.0.0",
        "js-crypto-core": "^1.1.0",
        "js-crypto-local-storer": "^1.0.0"
      }
    },
    "node_modules/idb": {
      "version": "7.0.0",
      "resolved": "https://registry.npmjs.org/idb/-/idb-7.0.0.tgz",
      "integrity": "sha512-jSx0WOY9Nj+QzP6wX5e7g64jqh8ExtDs/IAuOrOEZCD/h6+0HqyrKsDMfdJc0hqhSvh0LsrwqrkDn+EtjjzSRA=="
    },
    "node_modules/js-crypto-converter": {
      "version": "1.1.0",
      "resolved": "https://registry.npmjs.org/js-crypto-converter/-/js-crypto-converter-1.1.0.tgz",
      "integrity": "sha512-tJfTzdTDUhtlSERon+9zcRAgRzHHVRjEV1xX7wTAvJDEBxxfe0ovMWKYVE5/komqwtftzyNMaZbGrljGm0v3BA=="
    },
    "node_modules/js-crypto-core": {
      "version": "1.1.1",
      "resolved": "https://registry.npmjs.org/js-crypto-core/-/js-crypto-core-1.1.1.tgz",
      "integrity": "sha512-a8C9qoE3oKk/Iv8KfGR/fLJdrgrGhKmn+WWPtZs4W8XjosyQlMO7U6WklEI7mZ4kc+iwZ69Wtj26OrMQvohqpQ=="
    },
    "node_modules/js-crypto-local-storer": {
      "version": "1.1.3",
      "resolved": "https://registry.npmjs.org/js-crypto-local-storer/-/js-crypto-local-storer-1.1.3.tgz",
      "integrity": "sha512-1LfHSpRsSR7NRit0F6jvKqS5/O9pR07n1JHX3fAlh+EeJDrtRrZWRB2vkrmzK8pWeh6KJQarD5z9Z6kocsZ8/w==",
      "dependencies": {
        "idb": "^7.0.0"
      }
    }
  },
  "dependencies": {
    "idb": {
      "version": "7.0.0",
      "resolved": "https://registry.npmjs.org/idb/-/idb-7.0.0.tgz",
      "integrity": "sha512-jSx0WOY9Nj+QzP6wX5e7g64jqh8ExtDs/IAuOrOEZCD/h6+0HqyrKsDMfdJc0hqhSvh0LsrwqrkDn+EtjjzSRA=="
    },
    "js-crypto-converter": {
      "version": "1.1.0",
      "resolved": "https://registry.npmjs.org/js-crypto-converter/-/js-crypto-converter-1.1.0.tgz",
      "integrity": "sha512-tJfTzdTDUhtlSERon+9zcRAgRzHHVRjEV1xX7wTAvJDEBxxfe0ovMWKYVE5/komqwtftzyNMaZbGrljGm0v3BA=="
    },
    "js-crypto-core": {
      "version": "1.1.1",
      "resolved": "https://registry.npmjs.org/js-crypto-core/-/js-crypto-core-1.1.1.tgz",
      "integrity": "sha512-a8C9qoE3oKk/Iv8KfGR/fLJdrgrGhKmn+WWPtZs4W8XjosyQlMO7U6WklEI7mZ4kc+iwZ69Wtj26OrMQvohqpQ=="
    },
    "js-crypto-local-storer": {
      "version": "1.1.3",
      "resolved": "https://registry.npmjs.org/js-crypto-local-storer/-/js-crypto-local-storer-1.1.3.tgz",
      "integrity": "sha512-1LfHSpRsSR7NRit0F6jvKqS5/O9pR07n1JHX3fAlh+EeJDrtRrZWRB2vkrmzK8pWeh6KJQarD5z9Z6kocsZ8/w==",
      "requires": {
        "idb": "^7.0.0"
      }
    }
  }
}
